<?xml version="1.0" encoding="utf-8"?>
<Project ToolsVersion="4.0" xmlns="http://schemas.microsoft.com/developer/msbuild/2003">
  <ItemGroup>
    <ClCompile Include="Application.cpp" />
    <ClCompile Include="AudioManager.cpp" />
    <ClCompile Include="Color.cpp" />
    <ClCompile Include="Engine.cpp" />
    <ClCompile Include="GLSL.cpp" />
    <ClCompile Include="Graphics.cpp" />
    <ClCompile Include="HUD.cpp" />
    <ClCompile Include="imgui.cpp" />
    <ClCompile Include="imgui_draw.cpp" />
    <ClCompile Include="imgui_impl_glfw.cpp" />
    <ClCompile Include="imgui_impl_opengl3.cpp" />
    <ClCompile Include="Imgui_System.cpp" />
    <ClCompile Include="imgui_widgets.cpp" />
    <ClCompile Include="Input.cpp" />
    <ClCompile Include="JSON.cpp" />
    <ClCompile Include="Mesh.cpp" />
    <ClCompile Include="Object.cpp" />
    <ClCompile Include="Objectmanager.cpp" />
    <ClCompile Include="Physics.cpp" />
    <ClCompile Include="Shader.cpp" />
    <ClCompile Include="State.cpp" />
    <ClCompile Include="StateManager.cpp" />
    <ClCompile Include="Tile_Map.cpp" />
    <ClCompile Include="Transform.cpp" />
    <ClCompile Include="LevelJson.cpp" />
    <ClCompile Include="Animation.cpp">
      <Filter>Component\cpp</Filter>
    </ClCompile>
    <ClCompile Include="BitmapFont.cpp">
      <Filter>Component\cpp</Filter>
    </ClCompile>
    <ClCompile Include="Camera.cpp">
      <Filter>Component\cpp</Filter>
    </ClCompile>
    <ClCompile Include="Collision.cpp">
      <Filter>Component\cpp</Filter>
    </ClCompile>
    <ClCompile Include="Font.cpp">
      <Filter>Component\cpp</Filter>
    </ClCompile>
    <ClCompile Include="Particle.cpp">
      <Filter>Component\cpp</Filter>
    </ClCompile>
    <ClCompile Include="Particle_Generator.cpp">
      <Filter>Component\cpp</Filter>
    </ClCompile>
    <ClCompile Include="Player.cpp">
      <Filter>Component\cpp</Filter>
    </ClCompile>
    <ClCompile Include="Reaction.cpp">
      <Filter>Component\cpp</Filter>
    </ClCompile>
    <ClCompile Include="RigidBody.cpp">
      <Filter>Component\cpp</Filter>
    </ClCompile>
    <ClCompile Include="Sound.cpp">
      <Filter>Component\cpp</Filter>
    </ClCompile>
    <ClCompile Include="Sprite.cpp">
      <Filter>Component\cpp</Filter>
    </ClCompile>
    <ClCompile Include="Trigger.cpp">
      <Filter>Component\cpp</Filter>
    </ClCompile>
    <ClCompile Include="UI.cpp">
      <Filter>Component\cpp</Filter>
    </ClCompile>
    <ClCompile Include="Chapter.cpp">
      <Filter>Component\cpp</Filter>
    </ClCompile>
    <ClCompile Include="Capture.cpp">
      <Filter>Component\cpp</Filter>
    </ClCompile>
    <ClCompile Include="Button.cpp" />
  </ItemGroup>
  <ItemGroup>
    <ClInclude Include="Application.hpp" />
    <ClInclude Include="AudioManager.hpp" />
    <ClInclude Include="Color.hpp" />
    <ClInclude Include="DepthValue.hpp" />
    <ClInclude Include="Engine.hpp" />
    <ClInclude Include="GLSL.hpp" />
    <ClInclude Include="Graphics.hpp" />
    <ClInclude Include="HUD.hpp" />
    <ClInclude Include="Imgui_System.hpp" />
    <ClInclude Include="Input.hpp" />
    <ClInclude Include="JSON.hpp" />
    <ClInclude Include="Mesh.hpp" />
    <ClInclude Include="Object.hpp" />
    <ClInclude Include="Objectmanager.hpp" />
    <ClInclude Include="Physics.hpp" />
    <ClInclude Include="Shader.hpp" />
    <ClInclude Include="State.hpp" />
    <ClInclude Include="StateManager.hpp" />
    <ClInclude Include="Tile_Map.hpp" />
    <ClInclude Include="Timer.hpp" />
    <ClInclude Include="Transform.hpp" />
    <ClInclude Include="LevelJson.hpp" />
    <ClInclude Include="ObjectDepth.hpp" />
    <ClInclude Include="Animation.hpp">
      <Filter>Component\hpp</Filter>
    </ClInclude>
    <ClInclude Include="BitmapFont.hpp">
      <Filter>Component\hpp</Filter>
    </ClInclude>
    <ClInclude Include="Camera.hpp">
      <Filter>Component\hpp</Filter>
    </ClInclude>
    <ClInclude Include="Collision.hpp">
      <Filter>Component\hpp</Filter>
    </ClInclude>
    <ClInclude Include="Component.hpp">
      <Filter>Component\hpp</Filter>
    </ClInclude>
    <ClInclude Include="Font.hpp">
      <Filter>Component\hpp</Filter>
    </ClInclude>
    <ClInclude Include="Particle.hpp">
      <Filter>Component\hpp</Filter>
    </ClInclude>
    <ClInclude Include="Particle_Generator.hpp">
      <Filter>Component\hpp</Filter>
    </ClInclude>
    <ClInclude Include="Player.hpp">
      <Filter>Component\hpp</Filter>
    </ClInclude>
    <ClInclude Include="Reaction.hpp">
      <Filter>Component\hpp</Filter>
    </ClInclude>
    <ClInclude Include="RigidBody.hpp">
      <Filter>Component\hpp</Filter>
    </ClInclude>
    <ClInclude Include="Sound.hpp">
      <Filter>Component\hpp</Filter>
    </ClInclude>
    <ClInclude Include="Sprite.hpp">
      <Filter>Component\hpp</Filter>
    </ClInclude>
    <ClInclude Include="UI.hpp">
      <Filter>Component\hpp</Filter>
    </ClInclude>
    <ClInclude Include="Trigger.hpp">
      <Filter>Component\hpp</Filter>
    </ClInclude>
    <ClInclude Include="Capture.hpp">
      <Filter>Component\hpp</Filter>
    </ClInclude>
    <ClInclude Include="Chapter.hpp">
      <Filter>Component\hpp</Filter>
    </ClInclude>
    <ClInclude Include="Button.hpp" />
    <ClInclude Include="resource.h" />
  </ItemGroup>
  <ItemGroup>
    <Filter Include="Component">
      <UniqueIdentifier>{9656cc58-ebca-40c6-8ad3-f9d3e89d6797}</UniqueIdentifier>
    </Filter>
    <Filter Include="Component\hpp">
      <UniqueIdentifier>{15a61d2a-c959-44a0-84d7-2a80976f860e}</UniqueIdentifier>
    </Filter>
    <Filter Include="Component\cpp">
      <UniqueIdentifier>{cdc96c6d-5e40-4570-ad54-9deddcdd5b27}</UniqueIdentifier>
    </Filter>
    <ClInclude Include="MenuPage.hpp" />
  </ItemGroup>
  <ItemGroup>
    <ResourceCompile Include="Engine.rc" />
  </ItemGroup>
</Project>